
Microsoft Visual Studio Solution File, Format Version 12.00
# Visual Studio Version 16
VisualStudioVersion = 16.0.34301.259
MinimumVisualStudioVersion = 10.0.40219.1
Project("{FAE04EC0-301F-11D3-BF4B-00C04F79EFBC}") = "Online e learning website", "Online e learning website\Online e learning website.csproj", "{6C2FA39F-75B4-4AA2-B139-3FD07D6AEDAE}"
EndProject
Global
	GlobalSection(SolutionConfigurationPlatforms) = preSolution
		Debug|Any CPU = Debug|Any CPU
		Release|Any CPU = Release|Any CPU
	EndGlobalSection
	GlobalSection(ProjectConfigurationPlatforms) = postSolution
		{6C2FA39F-75B4-4AA2-B139-3FD07D6AEDAE}.Debug|Any CPU.ActiveCfg = Debug|Any CPU
		{6C2FA39F-75B4-4AA2-B139-3FD07D6AEDAE}.Debug|Any CPU.Build.0 = Debug|Any CPU
		{6C2FA39F-75B4-4AA2-B139-3FD07D6AEDAE}.Release|Any CPU.ActiveCfg = Release|Any CPU
		{6C2FA39F-75B4-4AA2-B139-3FD07D6AEDAE}.Release|Any CPU.Build.0 = Release|Any CPU
	EndGlobalSection
	GlobalSection(SolutionProperties) = preSolution
		HideSolutionNode = FALSE
	EndGlobalSection
	GlobalSection(ExtensibilityGlobals) = postSolution
		SolutionGuid = {0EC543AB-3A62-475E-8A04-4AE4B8F78FEC}
	EndGlobalSection
EndGlobal
